{
  "name": "youtube-downloader-api",
  "version": "1.0.0",
  "lockfileVersion": 3,
  "requires": true,
  "packages": {
    "": {
      "name": "youtube-downloader-api",
      "version": "1.0.0",
      "dependencies": {
        "@distube/ytdl-core": "^4.16.4",
        "express": "^4.19.2",
        "yt-search": "^2.11.0"
      }
    },
    "node_modules/@distube/ytdl-core": {
      "version": "4.16.4",
      "resolved": "https://registry.npmjs.org/@distube/ytdl-core/-/ytdl-core-4.16.4.tgz",
      "integrity": "sha512-...=="
    },
    "node_modules/express": {
      "version": "4.19.2",
      "resolved": "https://registry.npmjs.org/express/-/express-4.19.2.tgz",
      "integrity": "sha512-...=="
    },
    "node_modules/yt-search": {
      "version": "2.11.0",
      "resolved": "https://registry.npmjs.org/yt-search/-/yt-search-2.11.0.tgz",
      "integrity": "sha512-...=="
    }
  }
}
